// !$*UTF8*$!
{
	archiveVersion = 1;
	classes = {
	};
	objectVersion = 55;
	objects = {

/* Begin PBXBuildFile section */
		AA95B7D327DFD73900D64520 /* Multipeer_FamiliarizationApp.swift in Sources */ = {isa = PBXBuildFile; fileRef = AA95B7D227DFD73900D64520 /* Multipeer_FamiliarizationApp.swift */; };
		AA95B7D527DFD73900D64520 /* ContentView.swift in Sources */ = {isa = PBXBuildFile; fileRef = AA95B7D427DFD73900D64520 /* ContentView.swift */; };
		AA95B7D727DFD73C00D64520 /* Assets.xcassets in Resources */ = {isa = PBXBuildFile; fileRef = AA95B7D627DFD73C00D64520 /* Assets.xcassets */; };
		AA95B7DA27DFD73C00D64520 /* Preview Assets.xcassets in Resources */ = {isa = PBXBuildFile; fileRef = AA95B7D927DFD73C00D64520 /* Preview Assets.xcassets */; };
		AA95B7FE27DFD7A100D64520 /* ConnectionHandler.swift in Sources */ = {isa = PBXBuildFile; fileRef = AA95B7FD27DFD7A100D64520 /* ConnectionHandler.swift */; };
		AA95B80627DFEA8100D64520 /* MainView.swift in Sources */ = {isa = PBXBuildFile; fileRef = AA95B80527DFEA8100D64520 /* MainView.swift */; };
/* End PBXBuildFile section */

/* Begin PBXContainerItemProxy section */
		AA95B7E127DFD73D00D64520 /* PBXContainerItemProxy */ = {
			isa = PBXContainerItemProxy;
			containerPortal = AA95B7C727DFD73900D64520 /* Project object */;
			proxyType = 1;
			remoteGlobalIDString = AA95B7CE27DFD73900D64520;
			remoteInfo = "Multipeer Familiarization";
		};
		AA95B7EB27DFD73D00D64520 /* PBXContainerItemProxy */ = {
			isa = PBXContainerItemProxy;
			containerPortal = AA95B7C727DFD73900D64520 /* Project object */;
			proxyType = 1;
			remoteGlobalIDString = AA95B7CE27DFD73900D64520;
			remoteInfo = "Multipeer Familiarization";
		};
/* End PBXContainerItemProxy section */

/* Begin PBXFileReference section */
		AA95B7CF27DFD73900D64520 /* Multipeer Familiarization.app */ = {isa = PBXFileReference; explicitFileType = wrapper.application; includeInIndex = 0; path = "Multipeer Familiarization.app"; sourceTree = BUILT_PRODUCTS_DIR; };
		AA95B7D227DFD73900D64520 /* Multipeer_FamiliarizationApp.swift */ = {isa = PBXFileReference; lastKnownFileType = sourcecode.swift; path = Multipeer_FamiliarizationApp.swift; sourceTree = "<group>"; };
		AA95B7D427DFD73900D64520 /* ContentView.swift */ = {isa = PBXFileReference; lastKnownFileType = sourcecode.swift; path = ContentView.swift; sourceTree = "<group>"; };
		AA95B7D627DFD73C00D64520 /* Assets.xcassets */ = {isa = PBXFileReference; lastKnownFileType = folder.assetcatalog; path = Assets.xcassets; sourceTree = "<group>"; };
		AA95B7D927DFD73C00D64520 /* Preview Assets.xcassets */ = {isa = PBXFileReference; lastKnownFileType = folder.assetcatalog; path = "Preview Assets.xcassets"; sourceTree = "<group>"; };
		AA95B7DB27DFD73C00D64520 /* Multipeer_Familiarization.entitlements */ = {isa = PBXFileReference; lastKnownFileType = text.plist.entitlements; path = Multipeer_Familiarization.entitlements; sourceTree = "<group>"; };
		AA95B7E027DFD73D00D64520 /* Multipeer FamiliarizationTests.xctest */ = {isa = PBXFileReference; explicitFileType = wrapper.cfbundle; includeInIndex = 0; path = "Multipeer FamiliarizationTests.xctest"; sourceTree = BUILT_PRODUCTS_DIR; };
		AA95B7EA27DFD73D00D64520 /* Multipeer FamiliarizationUITests.xctest */ = {isa = PBXFileReference; explicitFileType = wrapper.cfbundle; includeInIndex = 0; path = "Multipeer FamiliarizationUITests.xctest"; sourceTree = BUILT_PRODUCTS_DIR; };
		AA95B7FD27DFD7A100D64520 /* ConnectionHandler.swift */ = {isa = PBXFileReference; lastKnownFileType = sourcecode.swift; path = ConnectionHandler.swift; sourceTree = "<group>"; };
		AA95B80527DFEA8100D64520 /* MainView.swift */ = {isa = PBXFileReference; lastKnownFileType = sourcecode.swift; path = MainView.swift; sourceTree = "<group>"; };
/* End PBXFileReference section */

/* Begin PBXFrameworksBuildPhase section */
		AA95B7CC27DFD73900D64520 /* Frameworks */ = {
			isa = PBXFrameworksBuildPhase;
			buildActionMask = 2147483647;
			files = (
			);
			runOnlyForDeploymentPostprocessing = 0;
		};
		AA95B7DD27DFD73D00D64520 /* Frameworks */ = {
			isa = PBXFrameworksBuildPhase;
			buildActionMask = 2147483647;
			files = (
			);
			runOnlyForDeploymentPostprocessing = 0;
		};
		AA95B7E727DFD73D00D64520 /* Frameworks */ = {
			isa = PBXFrameworksBuildPhase;
			buildActionMask = 2147483647;
			files = (
			);
			runOnlyForDeploymentPostprocessing = 0;
		};
/* End PBXFrameworksBuildPhase section */

/* Begin PBXGroup section */
		AA95B7C627DFD73900D64520 = {
			isa = PBXGroup;
			children = (
				AA95B7D127DFD73900D64520 /* Multipeer Familiarization */,
				AA95B7D027DFD73900D64520 /* Products */,
			);
			sourceTree = "<group>";
		};
		AA95B7D027DFD73900D64520 /* Products */ = {
			isa = PBXGroup;
			children = (
				AA95B7CF27DFD73900D64520 /* Multipeer Familiarization.app */,
				AA95B7E027DFD73D00D64520 /* Multipeer FamiliarizationTests.xctest */,
				AA95B7EA27DFD73D00D64520 /* Multipeer FamiliarizationUITests.xctest */,
			);
			name = Products;
			sourceTree = "<group>";
		};
		AA95B7D127DFD73900D64520 /* Multipeer Familiarization */ = {
			isa = PBXGroup;
			children = (
				AA95B7D227DFD73900D64520 /* Multipeer_FamiliarizationApp.swift */,
				AA95B7D427DFD73900D64520 /* ContentView.swift */,
				AA95B80527DFEA8100D64520 /* MainView.swift */,
				AA95B7FD27DFD7A100D64520 /* ConnectionHandler.swift */,
				AA95B7D627DFD73C00D64520 /* Assets.xcassets */,
				AA95B7DB27DFD73C00D64520 /* Multipeer_Familiarization.entitlements */,
				AA95B7D827DFD73C00D64520 /* Preview Content */,
			);
			path = "Multipeer Familiarization";
			sourceTree = "<group>";
		};
		AA95B7D827DFD73C00D64520 /* Preview Content */ = {
			isa = PBXGroup;
			children = (
				AA95B7D927DFD73C00D64520 /* Preview Assets.xcassets */,
			);
			path = "Preview Content";
			sourceTree = "<group>";
		};
/* End PBXGroup section */

/* Begin PBXNativeTarget section */
		AA95B7CE27DFD73900D64520 /* Multipeer Familiarization */ = {
			isa = PBXNativeTarget;
			buildConfigurationList = AA95B7F427DFD73D00D64520 /* Build configuration list for PBXNativeTarget "Multipeer Familiarization" */;
			buildPhases = (
				AA95B7CB27DFD73900D64520 /* Sources */,
				AA95B7CC27DFD73900D64520 /* Frameworks */,
				AA95B7CD27DFD73900D64520 /* Resources */,
			);
			buildRules = (
			);
			dependencies = (
			);
			name = "Multipeer Familiarization";
			productName = "Multipeer Familiarization";
			productReference = AA95B7CF27DFD73900D64520 /* Multipeer Familiarization.app */;
			productType = "com.apple.product-type.application";
		};
		AA95B7DF27DFD73D00D64520 /* Multipeer FamiliarizationTests */ = {
			isa = PBXNativeTarget;
			buildConfigurationList = AA95B7F727DFD73D00D64520 /* Build configuration list for PBXNativeTarget "Multipeer FamiliarizationTests" */;
			buildPhases = (
				AA95B7DC27DFD73D00D64520 /* Sources */,
				AA95B7DD27DFD73D00D64520 /* Frameworks */,
				AA95B7DE27DFD73D00D64520 /* Resources */,
			);
			buildRules = (
			);
			dependencies = (
				AA95B7E227DFD73D00D64520 /* PBXTargetDependency */,
			);
			name = "Multipeer FamiliarizationTests";
			productName = "Multipeer FamiliarizationTests";
			productReference = AA95B7E027DFD73D00D64520 /* Multipeer FamiliarizationTests.xctest */;
			productType = "com.apple.product-type.bundle.unit-test";
		};
		AA95B7E927DFD73D00D64520 /* Multipeer FamiliarizationUITests */ = {
			isa = PBXNativeTarget;
			buildConfigurationList = AA95B7FA27DFD73D00D64520 /* Build configuration list for PBXNativeTarget "Multipeer FamiliarizationUITests" */;
			buildPhases = (
				AA95B7E627DFD73D00D64520 /* Sources */,
				AA95B7E727DFD73D00D64520 /* Frameworks */,
				AA95B7E827DFD73D00D64520 /* Resources */,
			);
			buildRules = (
			);
			dependencies = (
				AA95B7EC27DFD73D00D64520 /* PBXTargetDependency */,
			);
			name = "Multipeer FamiliarizationUITests";
			productName = "Multipeer FamiliarizationUITests";
			productReference = AA95B7EA27DFD73D00D64520 /* Multipeer FamiliarizationUITests.xctest */;
			productType = "com.apple.product-type.bundle.ui-testing";
		};
/* End PBXNativeTarget section */

/* Begin PBXProject section */
		AA95B7C727DFD73900D64520 /* Project object */ = {
			isa = PBXProject;
			attributes = {
				BuildIndependentTargetsInParallel = 1;
				LastSwiftUpdateCheck = 1320;
				LastUpgradeCheck = 1320;
				TargetAttributes = {
					AA95B7CE27DFD73900D64520 = {
						CreatedOnToolsVersion = 13.2.1;
					};
					AA95B7DF27DFD73D00D64520 = {
						CreatedOnToolsVersion = 13.2.1;
						TestTargetID = AA95B7CE27DFD73900D64520;
					};
					AA95B7E927DFD73D00D64520 = {
						CreatedOnToolsVersion = 13.2.1;
						TestTargetID = AA95B7CE27DFD73900D64520;
					};
				};
			};
			buildConfigurationList = AA95B7CA27DFD73900D64520 /* Build configuration list for PBXProject "Multipeer Familiarization" */;
			compatibilityVersion = "Xcode 13.0";
			developmentRegion = en;
			hasScannedForEncodings = 0;
			knownRegions = (
				en,
				Base,
			);
			mainGroup = AA95B7C627DFD73900D64520;
			productRefGroup = AA95B7D027DFD73900D64520 /* Products */;
			projectDirPath = "";
			projectRoot = "";
			targets = (
				AA95B7CE27DFD73900D64520 /* Multipeer Familiarization */,
				AA95B7DF27DFD73D00D64520 /* Multipeer FamiliarizationTests */,
				AA95B7E927DFD73D00D64520 /* Multipeer FamiliarizationUITests */,
			);
		};
/* End PBXProject section */

/* Begin PBXResourcesBuildPhase section */
		AA95B7CD27DFD73900D64520 /* Resources */ = {
			isa = PBXResourcesBuildPhase;
			buildActionMask = 2147483647;
			files = (
				AA95B7DA27DFD73C00D64520 /* Preview Assets.xcassets in Resources */,
				AA95B7D727DFD73C00D64520 /* Assets.xcassets in Resources */,
			);
			runOnlyForDeploymentPostprocessing = 0;
		};
		AA95B7DE27DFD73D00D64520 /* Resources */ = {
			isa = PBXResourcesBuildPhase;
			buildActionMask = 2147483647;
			files = (
			);
			runOnlyForDeploymentPostprocessing = 0;
		};
		AA95B7E827DFD73D00D64520 /* Resources */ = {
			isa = PBXResourcesBuildPhase;
			buildActionMask = 2147483647;
			files = (
			);
			runOnlyForDeploymentPostprocessing = 0;
		};
/* End PBXResourcesBuildPhase section */

/* Begin PBXSourcesBuildPhase section */
		AA95B7CB27DFD73900D64520 /* Sources */ = {
			isa = PBXSourcesBuildPhase;
			buildActionMask = 2147483647;
			files = (
				AA95B7D527DFD73900D64520 /* ContentView.swift in Sources */,
				AA95B7D327DFD73900D64520 /* Multipeer_FamiliarizationApp.swift in Sources */,
				AA95B80627DFEA8100D64520 /* MainView.swift in Sources */,
				AA95B7FE27DFD7A100D64520 /* ConnectionHandler.swift in Sources */,
			);
			runOnlyForDeploymentPostprocessing = 0;
		};
		AA95B7DC27DFD73D00D64520 /* Sources */ = {
			isa = PBXSourcesBuildPhase;
			buildActionMask = 2147483647;
			files = (
			);
			runOnlyForDeploymentPostprocessing = 0;
		};
		AA95B7E627DFD73D00D64520 /* Sources */ = {
			isa = PBXSourcesBuildPhase;
			buildActionMask = 2147483647;
			files = (
			);
			runOnlyForDeploymentPostprocessing = 0;
		};
/* End PBXSourcesBuildPhase section */

/* Begin PBXTargetDependency section */
		AA95B7E227DFD73D00D64520 /* PBXTargetDependency */ = {
			isa = PBXTargetDependency;
			target = AA95B7CE27DFD73900D64520 /* Multipeer Familiarization */;
			targetProxy = AA95B7E127DFD73D00D64520 /* PBXContainerItemProxy */;
		};
		AA95B7EC27DFD73D00D64520 /* PBXTargetDependency */ = {
			isa = PBXTargetDependency;
			target = AA95B7CE27DFD73900D64520 /* Multipeer Familiarization */;
			targetProxy = AA95B7EB27DFD73D00D64520 /* PBXContainerItemProxy */;
		};
/* End PBXTargetDependency section */

/* Begin XCBuildConfiguration section */
		AA95B7F227DFD73D00D64520 /* Debug */ = {
			isa = XCBuildConfiguration;
			buildSettings = {
				ALWAYS_SEARCH_USER_PATHS = NO;
				CLANG_ANALYZER_NONNULL = YES;
				CLANG_ANALYZER_NUMBER_OBJECT_CONVERSION = YES_AGGRESSIVE;
				CLANG_CXX_LANGUAGE_STANDARD = "gnu++17";
				CLANG_CXX_LIBRARY = "libc++";
				CLANG_ENABLE_MODULES = YES;
				CLANG_ENABLE_OBJC_ARC = YES;
				CLANG_ENABLE_OBJC_WEAK = YES;
				CLANG_WARN_BLOCK_CAPTURE_AUTORELEASING = YES;
				CLANG_WARN_BOOL_CONVERSION = YES;
				CLANG_WARN_COMMA = YES;
				CLANG_WARN_CONSTANT_CONVERSION = YES;
				CLANG_WARN_DEPRECATED_OBJC_IMPLEMENTATIONS = YES;
				CLANG_WARN_DIRECT_OBJC_ISA_USAGE = YES_ERROR;
				CLANG_WARN_DOCUMENTATION_COMMENTS = YES;
				CLANG_WARN_EMPTY_BODY = YES;
				CLANG_WARN_ENUM_CONVERSION = YES;
				CLANG_WARN_INFINITE_RECURSION = YES;
				CLANG_WARN_INT_CONVERSION = YES;
				CLANG_WARN_NON_LITERAL_NULL_CONVERSION = YES;
				CLANG_WARN_OBJC_IMPLICIT_RETAIN_SELF = YES;
				CLANG_WARN_OBJC_LITERAL_CONVERSION = YES;
				CLANG_WARN_OBJC_ROOT_CLASS = YES_ERROR;
				CLANG_WARN_QUOTED_INCLUDE_IN_FRAMEWORK_HEADER = YES;
				CLANG_WARN_RANGE_LOOP_ANALYSIS = YES;
				CLANG_WARN_STRICT_PROTOTYPES = YES;
				CLANG_WARN_SUSPICIOUS_MOVE = YES;
				CLANG_WARN_UNGUARDED_AVAILABILITY = YES_AGGRESSIVE;
				CLANG_WARN_UNREACHABLE_CODE = YES;
				CLANG_WARN__DUPLICATE_METHOD_MATCH = YES;
				COPY_PHASE_STRIP = NO;
				DEBUG_INFORMATION_FORMAT = dwarf;
				ENABLE_STRICT_OBJC_MSGSEND = YES;
				ENABLE_TESTABILITY = YES;
				GCC_C_LANGUAGE_STANDARD = gnu11;
				GCC_DYNAMIC_NO_PIC = NO;
				GCC_NO_COMMON_BLOCKS = YES;
				GCC_OPTIMIZATION_LEVEL = 0;
				GCC_PREPROCESSOR_DEFINITIONS = (
					"DEBUG=1",
					"$(inherited)",
				);
				GCC_WARN_64_TO_32_BIT_CONVERSION = YES;
				GCC_WARN_ABOUT_RETURN_TYPE = YES_ERROR;
				GCC_WARN_UNDECLARED_SELECTOR = YES;
				GCC_WARN_UNINITIALIZED_AUTOS = YES_AGGRESSIVE;
				GCC_WARN_UNUSED_FUNCTION = YES;
				GCC_WARN_UNUSED_VARIABLE = YES;
				MACOSX_DEPLOYMENT_TARGET = 12.0;
				MTL_ENABLE_DEBUG_INFO = INCLUDE_SOURCE;
				MTL_FAST_MATH = YES;
				ONLY_ACTIVE_ARCH = YES;
				SDKROOT = macosx;
				SWIFT_ACTIVE_COMPILATION_CONDITIONS = DEBUG;
				SWIFT_OPTIMIZATION_LEVEL = "-Onone";
			};
			name = Debug;
		};
		AA95B7F327DFD73D00D64520 /* Release */ = {
			isa = XCBuildConfiguration;
			buildSettings = {
				ALWAYS_SEARCH_USER_PATHS = NO;
				CLANG_ANALYZER_NONNULL = YES;
				CLANG_ANALYZER_NUMBER_OBJECT_CONVERSION = YES_AGGRESSIVE;
				CLANG_CXX_LANGUAGE_STANDARD = "gnu++17";
				CLANG_CXX_LIBRARY = "libc++";
				CLANG_ENABLE_MODULES = YES;
				CLANG_ENABLE_OBJC_ARC = YES;
				CLANG_ENABLE_OBJC_WEAK = YES;
				CLANG_WARN_BLOCK_CAPTURE_AUTORELEASING = YES;
				CLANG_WARN_BOOL_CONVERSION = YES;
				CLANG_WARN_COMMA = YES;
				CLANG_WARN_CONSTANT_CONVERSION = YES;
				CLANG_WARN_DEPRECATED_OBJC_IMPLEMENTATIONS = YES;
				CLANG_WARN_DIRECT_OBJC_ISA_USAGE = YES_ERROR;
				CLANG_WARN_DOCUMENTATION_COMMENTS = YES;
				CLANG_WARN_EMPTY_BODY = YES;
				CLANG_WARN_ENUM_CONVERSION = YES;
				CLANG_WARN_INFINITE_RECURSION = YES;
				CLANG_WARN_INT_CONVERSION = YES;
				CLANG_WARN_NON_LITERAL_NULL_CONVERSION = YES;
				CLANG_WARN_OBJC_IMPLICIT_RETAIN_SELF = YES;
				CLANG_WARN_OBJC_LITERAL_CONVERSION = YES;
				CLANG_WARN_OBJC_ROOT_CLASS = YES_ERROR;
				CLANG_WARN_QUOTED_INCLUDE_IN_FRAMEWORK_HEADER = YES;
				CLANG_WARN_RANGE_LOOP_ANALYSIS = YES;
				CLANG_WARN_STRICT_PROTOTYPES = YES;
				CLANG_WARN_SUSPICIOUS_MOVE = YES;
				CLANG_WARN_UNGUARDED_AVAILABILITY = YES_AGGRESSIVE;
				CLANG_WARN_UNREACHABLE_CODE = YES;
				CLANG_WARN__DUPLICATE_METHOD_MATCH = YES;
				COPY_PHASE_STRIP = NO;
				DEBUG_INFORMATION_FORMAT = "dwarf-with-dsym";
				ENABLE_NS_ASSERTIONS = NO;
				ENABLE_STRICT_OBJC_MSGSEND = YES;
				GCC_C_LANGUAGE_STANDARD = gnu11;
				GCC_NO_COMMON_BLOCKS = YES;
				GCC_WARN_64_TO_32_BIT_CONVERSION = YES;
				GCC_WARN_ABOUT_RETURN_TYPE = YES_ERROR;
				GCC_WARN_UNDECLARED_SELECTOR = YES;
				GCC_WARN_UNINITIALIZED_AUTOS = YES_AGGRESSIVE;
				GCC_WARN_UNUSED_FUNCTION = YES;
				GCC_WARN_UNUSED_VARIABLE = YES;
				MACOSX_DEPLOYMENT_TARGET = 12.0;
				MTL_ENABLE_DEBUG_INFO = NO;
				MTL_FAST_MATH = YES;
				SDKROOT = macosx;
				SWIFT_COMPILATION_MODE = wholemodule;
				SWIFT_OPTIMIZATION_LEVEL = "-O";
			};
			name = Release;
		};
		AA95B7F527DFD73D00D64520 /* Debug */ = {
			isa = XCBuildConfiguration;
			buildSettings = {
				ASSETCATALOG_COMPILER_APPICON_NAME = AppIcon;
				ASSETCATALOG_COMPILER_GLOBAL_ACCENT_COLOR_NAME = AccentColor;
				CODE_SIGN_ENTITLEMENTS = "Multipeer Familiarization/Multipeer_Familiarization.entitlements";
				CODE_SIGN_STYLE = Automatic;
				COMBINE_HIDPI_IMAGES = YES;
				CURRENT_PROJECT_VERSION = 1;
				DEVELOPMENT_ASSET_PATHS = "\"Multipeer Familiarization/Preview Content\"";
				ENABLE_PREVIEWS = YES;
				GENERATE_INFOPLIST_FILE = YES;
				INFOPLIST_KEY_NSHumanReadableCopyright = "";
				LD_RUNPATH_SEARCH_PATHS = (
					"$(inherited)",
					"@executable_path/../Frameworks",
				);
				MARKETING_VERSION = 1.0;
				PRODUCT_BUNDLE_IDENTIFIER = "christian.Multipeer-Familiarization";
				PRODUCT_NAME = "$(TARGET_NAME)";
				SWIFT_EMIT_LOC_STRINGS = YES;
				SWIFT_VERSION = 5.0;
			};
			name = Debug;
		};
		AA95B7F627DFD73D00D64520 /* Release */ = {
			isa = XCBuildConfiguration;
			buildSettings = {
				ASSETCATALOG_COMPILER_APPICON_NAME = AppIcon;
				ASSETCATALOG_COMPILER_GLOBAL_ACCENT_COLOR_NAME = AccentColor;
				CODE_SIGN_ENTITLEMENTS = "Multipeer Familiarization/Multipeer_Familiarization.entitlements";
				CODE_SIGN_STYLE = Automatic;
				COMBINE_HIDPI_IMAGES = YES;
				CURRENT_PROJECT_VERSION = 1;
				DEVELOPMENT_ASSET_PATHS = "\"Multipeer Familiarization/Preview Content\"";
				ENABLE_PREVIEWS = YES;
				GENERATE_INFOPLIST_FILE = YES;
				INFOPLIST_KEY_NSHumanReadableCopyright = "";
				LD_RUNPATH_SEARCH_PATHS = (
					"$(inherited)",
					"@executable_path/../Frameworks",
				);
				MARKETING_VERSION = 1.0;
				PRODUCT_BUNDLE_IDENTIFIER = "christian.Multipeer-Familiarization";
				PRODUCT_NAME = "$(TARGET_NAME)";
				SWIFT_EMIT_LOC_STRINGS = YES;
				SWIFT_VERSION = 5.0;
			};
			name = Release;
		};
		AA95B7F827DFD73D00D64520 /* Debug */ = {
			isa = XCBuildConfiguration;
			buildSettings = {
				ALWAYS_EMBED_SWIFT_STANDARD_LIBRARIES = YES;
				BUNDLE_LOADER = "$(TEST_HOST)";
				CODE_SIGN_STYLE = Automatic;
				CURRENT_PROJECT_VERSION = 1;
				GENERATE_INFOPLIST_FILE = YES;
				MACOSX_DEPLOYMENT_TARGET = 12.0;
				MARKETING_VERSION = 1.0;
				PRODUCT_BUNDLE_IDENTIFIER = "christian.Multipeer-FamiliarizationTests";
				PRODUCT_NAME = "$(TARGET_NAME)";
				SWIFT_EMIT_LOC_STRINGS = NO;
				SWIFT_VERSION = 5.0;
				TEST_HOST = "$(BUILT_PRODUCTS_DIR)/Multipeer Familiarization.app/Contents/MacOS/Multipeer Familiarization";
			};
			name = Debug;
		};
		AA95B7F927DFD73D00D64520 /* Release */ = {
			isa = XCBuildConfiguration;
			buildSettings = {
				ALWAYS_EMBED_SWIFT_STANDARD_LIBRARIES = YES;
				BUNDLE_LOADER = "$(TEST_HOST)";
				CODE_SIGN_STYLE = Automatic;
				CURRENT_PROJECT_VERSION = 1;
				GENERATE_INFOPLIST_FILE = YES;
				MACOSX_DEPLOYMENT_TARGET = 12.0;
				MARKETING_VERSION = 1.0;
				PRODUCT_BUNDLE_IDENTIFIER = "christian.Multipeer-FamiliarizationTests";
				PRODUCT_NAME = "$(TARGET_NAME)";
				SWIFT_EMIT_LOC_STRINGS = NO;
				SWIFT_VERSION = 5.0;
				TEST_HOST = "$(BUILT_PRODUCTS_DIR)/Multipeer Familiarization.app/Contents/MacOS/Multipeer Familiarization";
			};
			name = Release;
		};
		AA95B7FB27DFD73D00D64520 /* Debug */ = {
			isa = XCBuildConfiguration;
			buildSettings = {
				ALWAYS_EMBED_SWIFT_STANDARD_LIBRARIES = YES;
				CODE_SIGN_STYLE = Automatic;
				CURRENT_PROJECT_VERSION = 1;
				GENERATE_INFOPLIST_FILE = YES;
				MARKETING_VERSION = 1.0;
				PRODUCT_BUNDLE_IDENTIFIER = "christian.Multipeer-FamiliarizationUITests";
				PRODUCT_NAME = "$(TARGET_NAME)";
				SWIFT_EMIT_LOC_STRINGS = NO;
				SWIFT_VERSION = 5.0;
				TEST_TARGET_NAME = "Multipeer Familiarization";
			};
			name = Debug;
		};
		AA95B7FC27DFD73D00D64520 /* Release */ = {
			isa = XCBuildConfiguration;
			buildSettings = {
				ALWAYS_EMBED_SWIFT_STANDARD_LIBRARIES = YES;
				CODE_SIGN_STYLE = Automatic;
				CURRENT_PROJECT_VERSION = 1;
				GENERATE_INFOPLIST_FILE = YES;
				MARKETING_VERSION = 1.0;
				PRODUCT_BUNDLE_IDENTIFIER = "christian.Multipeer-FamiliarizationUITests";
				PRODUCT_NAME = "$(TARGET_NAME)";
				SWIFT_EMIT_LOC_STRINGS = NO;
				SWIFT_VERSION = 5.0;
				TEST_TARGET_NAME = "Multipeer Familiarization";
			};
			name = Release;
		};
/* End XCBuildConfiguration section */

/* Begin XCConfigurationList section */
		AA95B7CA27DFD73900D64520 /* Build configuration list for PBXProject "Multipeer Familiarization" */ = {
			isa = XCConfigurationList;
			buildConfigurations = (
				AA95B7F227DFD73D00D64520 /* Debug */,
				AA95B7F327DFD73D00D64520 /* Release */,
			);
			defaultConfigurationIsVisible = 0;
			defaultConfigurationName = Release;
		};
		AA95B7F427DFD73D00D64520 /* Build configuration list for PBXNativeTarget "Multipeer Familiarization" */ = {
			isa = XCConfigurationList;
			buildConfigurations = (
				AA95B7F527DFD73D00D64520 /* Debug */,
				AA95B7F627DFD73D00D64520 /* Release */,
			);
			defaultConfigurationIsVisible = 0;
			defaultConfigurationName = Release;
		};
		AA95B7F727DFD73D00D64520 /* Build configuration list for PBXNativeTarget "Multipeer FamiliarizationTests" */ = {
			isa = XCConfigurationList;
			buildConfigurations = (
				AA95B7F827DFD73D00D64520 /* Debug */,
				AA95B7F927DFD73D00D64520 /* Release */,
			);
			defaultConfigurationIsVisible = 0;
			defaultConfigurationName = Release;
		};
		AA95B7FA27DFD73D00D64520 /* Build configuration list for PBXNativeTarget "Multipeer FamiliarizationUITests" */ = {
			isa = XCConfigurationList;
			buildConfigurations = (
				AA95B7FB27DFD73D00D64520 /* Debug */,
				AA95B7FC27DFD73D00D64520 /* Release */,
			);
			defaultConfigurationIsVisible = 0;
			defaultConfigurationName = Release;
		};
/* End XCConfigurationList section */
	};
	rootObject = AA95B7C727DFD73900D64520 /* Project object */;
}
